// !$*UTF8*$!
{
	archiveVersion = 1;
	classes = {
	};
	objectVersion = 55;
	objects = {

/* Begin PBXBuildFile section */
		86DA1A852812B92200C6C8E5 /* AppDelegate.m in Sources */ = {isa = PBXBuildFile; fileRef = 86DA1A842812B92200C6C8E5 /* AppDelegate.m */; };
		86DA1A882812B92200C6C8E5 /* SceneDelegate.m in Sources */ = {isa = PBXBuildFile; fileRef = 86DA1A872812B92200C6C8E5 /* SceneDelegate.m */; };
		86DA1A8B2812B92200C6C8E5 /* ViewController.m in Sources */ = {isa = PBXBuildFile; fileRef = 86DA1A8A2812B92200C6C8E5 /* ViewController.m */; };
		86DA1A8E2812B92200C6C8E5 /* Main.storyboard in Resources */ = {isa = PBXBuildFile; fileRef = 86DA1A8C2812B92200C6C8E5 /* Main.storyboard */; };
		86DA1A902812B92900C6C8E5 /* Assets.xcassets in Resources */ = {isa = PBXBuildFile; fileRef = 86DA1A8F2812B92900C6C8E5 /* Assets.xcassets */; };
		86DA1A932812B92900C6C8E5 /* LaunchScreen.storyboard in Resources */ = {isa = PBXBuildFile; fileRef = 86DA1A912812B92900C6C8E5 /* LaunchScreen.storyboard */; };
		86DA1A962812B92900C6C8E5 /* main.m in Sources */ = {isa = PBXBuildFile; fileRef = 86DA1A952812B92900C6C8E5 /* main.m */; };
		86DA1AA02812B92900C6C8E5 /* TestProjectTests.m in Sources */ = {isa = PBXBuildFile; fileRef = 86DA1A9F2812B92900C6C8E5 /* TestProjectTests.m */; };
		86DA1AAA2812B92900C6C8E5 /* TestProjectUITests.m in Sources */ = {isa = PBXBuildFile; fileRef = 86DA1AA92812B92900C6C8E5 /* TestProjectUITests.m */; };
		86DA1AAC2812B92900C6C8E5 /* TestProjectUITestsLaunchTests.m in Sources */ = {isa = PBXBuildFile; fileRef = 86DA1AAB2812B92900C6C8E5 /* TestProjectUITestsLaunchTests.m */; };
/* End PBXBuildFile section */

/* Begin PBXContainerItemProxy section */
		86DA1A9C2812B92900C6C8E5 /* PBXContainerItemProxy */ = {
			isa = PBXContainerItemProxy;
			containerPortal = 86DA1A782812B92200C6C8E5 /* Project object */;
			proxyType = 1;
			remoteGlobalIDString = 86DA1A7F2812B92200C6C8E5;
			remoteInfo = TestProject;
		};
		86DA1AA62812B92900C6C8E5 /* PBXContainerItemProxy */ = {
			isa = PBXContainerItemProxy;
			containerPortal = 86DA1A782812B92200C6C8E5 /* Project object */;
			proxyType = 1;
			remoteGlobalIDString = 86DA1A7F2812B92200C6C8E5;
			remoteInfo = TestProject;
		};
/* End PBXContainerItemProxy section */

/* Begin PBXFileReference section */
		86DA1A802812B92200C6C8E5 /* TestProject.app */ = {isa = PBXFileReference; explicitFileType = wrapper.application; includeInIndex = 0; path = TestProject.app; sourceTree = BUILT_PRODUCTS_DIR; };
		86DA1A832812B92200C6C8E5 /* AppDelegate.h */ = {isa = PBXFileReference; lastKnownFileType = sourcecode.c.h; path = AppDelegate.h; sourceTree = "<group>"; };
		86DA1A842812B92200C6C8E5 /* AppDelegate.m */ = {isa = PBXFileReference; lastKnownFileType = sourcecode.c.objc; path = AppDelegate.m; sourceTree = "<group>"; };
		86DA1A862812B92200C6C8E5 /* SceneDelegate.h */ = {isa = PBXFileReference; lastKnownFileType = sourcecode.c.h; path = SceneDelegate.h; sourceTree = "<group>"; };
		86DA1A872812B92200C6C8E5 /* SceneDelegate.m */ = {isa = PBXFileReference; lastKnownFileType = sourcecode.c.objc; path = SceneDelegate.m; sourceTree = "<group>"; };
		86DA1A892812B92200C6C8E5 /* ViewController.h */ = {isa = PBXFileReference; lastKnownFileType = sourcecode.c.h; path = ViewController.h; sourceTree = "<group>"; };
		86DA1A8A2812B92200C6C8E5 /* ViewController.m */ = {isa = PBXFileReference; lastKnownFileType = sourcecode.c.objc; path = ViewController.m; sourceTree = "<group>"; };
		86DA1A8D2812B92200C6C8E5 /* Base */ = {isa = PBXFileReference; lastKnownFileType = file.storyboard; name = Base; path = Base.lproj/Main.storyboard; sourceTree = "<group>"; };
		86DA1A8F2812B92900C6C8E5 /* Assets.xcassets */ = {isa = PBXFileReference; lastKnownFileType = folder.assetcatalog; path = Assets.xcassets; sourceTree = "<group>"; };
		86DA1A922812B92900C6C8E5 /* Base */ = {isa = PBXFileReference; lastKnownFileType = file.storyboard; name = Base; path = Base.lproj/LaunchScreen.storyboard; sourceTree = "<group>"; };
		86DA1A942812B92900C6C8E5 /* Info.plist */ = {isa = PBXFileReference; lastKnownFileType = text.plist.xml; path = Info.plist; sourceTree = "<group>"; };
		86DA1A952812B92900C6C8E5 /* main.m */ = {isa = PBXFileReference; lastKnownFileType = sourcecode.c.objc; path = main.m; sourceTree = "<group>"; };
		86DA1A9B2812B92900C6C8E5 /* TestProjectTests.xctest */ = {isa = PBXFileReference; explicitFileType = wrapper.cfbundle; includeInIndex = 0; path = TestProjectTests.xctest; sourceTree = BUILT_PRODUCTS_DIR; };
		86DA1A9F2812B92900C6C8E5 /* TestProjectTests.m */ = {isa = PBXFileReference; lastKnownFileType = sourcecode.c.objc; path = TestProjectTests.m; sourceTree = "<group>"; };
		86DA1AA52812B92900C6C8E5 /* TestProjectUITests.xctest */ = {isa = PBXFileReference; explicitFileType = wrapper.cfbundle; includeInIndex = 0; path = TestProjectUITests.xctest; sourceTree = BUILT_PRODUCTS_DIR; };
		86DA1AA92812B92900C6C8E5 /* TestProjectUITests.m */ = {isa = PBXFileReference; lastKnownFileType = sourcecode.c.objc; path = TestProjectUITests.m; sourceTree = "<group>"; };
		86DA1AAB2812B92900C6C8E5 /* TestProjectUITestsLaunchTests.m */ = {isa = PBXFileReference; lastKnownFileType = sourcecode.c.objc; path = TestProjectUITestsLaunchTests.m; sourceTree = "<group>"; };
/* End PBXFileReference section */

/* Begin PBXFrameworksBuildPhase section */
		86DA1A7D2812B92200C6C8E5 /* Frameworks */ = {
			isa = PBXFrameworksBuildPhase;
			buildActionMask = 2147483647;
			files = (
			);
			runOnlyForDeploymentPostprocessing = 0;
		};
		86DA1A982812B92900C6C8E5 /* Frameworks */ = {
			isa = PBXFrameworksBuildPhase;
			buildActionMask = 2147483647;
			files = (
			);
			runOnlyForDeploymentPostprocessing = 0;
		};
		86DA1AA22812B92900C6C8E5 /* Frameworks */ = {
			isa = PBXFrameworksBuildPhase;
			buildActionMask = 2147483647;
			files = (
			);
			runOnlyForDeploymentPostprocessing = 0;
		};
/* End PBXFrameworksBuildPhase section */

/* Begin PBXGroup section */
		86DA1A772812B92200C6C8E5 = {
			isa = PBXGroup;
			children = (
				86DA1A822812B92200C6C8E5 /* TestProject */,
				86DA1A9E2812B92900C6C8E5 /* TestProjectTests */,
				86DA1AA82812B92900C6C8E5 /* TestProjectUITests */,
				86DA1A812812B92200C6C8E5 /* Products */,
			);
			sourceTree = "<group>";
		};
		86DA1A812812B92200C6C8E5 /* Products */ = {
			isa = PBXGroup;
			children = (
				86DA1A802812B92200C6C8E5 /* TestProject.app */,
				86DA1A9B2812B92900C6C8E5 /* TestProjectTests.xctest */,
				86DA1AA52812B92900C6C8E5 /* TestProjectUITests.xctest */,
			);
			name = Products;
			sourceTree = "<group>";
		};
		86DA1A822812B92200C6C8E5 /* TestProject */ = {
			isa = PBXGroup;
			children = (
				86DA1A832812B92200C6C8E5 /* AppDelegate.h */,
				86DA1A842812B92200C6C8E5 /* AppDelegate.m */,
				86DA1A862812B92200C6C8E5 /* SceneDelegate.h */,
				86DA1A872812B92200C6C8E5 /* SceneDelegate.m */,
				86DA1A892812B92200C6C8E5 /* ViewController.h */,
				86DA1A8A2812B92200C6C8E5 /* ViewController.m */,
				86DA1A8C2812B92200C6C8E5 /* Main.storyboard */,
				86DA1A8F2812B92900C6C8E5 /* Assets.xcassets */,
				86DA1A912812B92900C6C8E5 /* LaunchScreen.storyboard */,
				86DA1A942812B92900C6C8E5 /* Info.plist */,
				86DA1A952812B92900C6C8E5 /* main.m */,
			);
			path = TestProject;
			sourceTree = "<group>";
		};
		86DA1A9E2812B92900C6C8E5 /* TestProjectTests */ = {
			isa = PBXGroup;
			children = (
				86DA1A9F2812B92900C6C8E5 /* TestProjectTests.m */,
			);
			path = TestProjectTests;
			sourceTree = "<group>";
		};
		86DA1AA82812B92900C6C8E5 /* TestProjectUITests */ = {
			isa = PBXGroup;
			children = (
				86DA1AA92812B92900C6C8E5 /* TestProjectUITests.m */,
				86DA1AAB2812B92900C6C8E5 /* TestProjectUITestsLaunchTests.m */,
			);
			path = TestProjectUITests;
			sourceTree = "<group>";
		};
/* End PBXGroup section */

/* Begin PBXNativeTarget section */
		86DA1A7F2812B92200C6C8E5 /* TestProject */ = {
			isa = PBXNativeTarget;
			buildConfigurationList = 86DA1AAF2812B92900C6C8E5 /* Build configuration list for PBXNativeTarget "TestProject" */;
			buildPhases = (
				86DA1A7C2812B92200C6C8E5 /* Sources */,
				86DA1A7D2812B92200C6C8E5 /* Frameworks */,
				86DA1A7E2812B92200C6C8E5 /* Resources */,
			);
			buildRules = (
			);
			dependencies = (
			);
			name = TestProject;
			productName = TestProject;
			productReference = 86DA1A802812B92200C6C8E5 /* TestProject.app */;
			productType = "com.apple.product-type.application";
		};
		86DA1A9A2812B92900C6C8E5 /* TestProjectTests */ = {
			isa = PBXNativeTarget;
			buildConfigurationList = 86DA1AB22812B92900C6C8E5 /* Build configuration list for PBXNativeTarget "TestProjectTests" */;
			buildPhases = (
				86DA1A972812B92900C6C8E5 /* Sources */,
				86DA1A982812B92900C6C8E5 /* Frameworks */,
				86DA1A992812B92900C6C8E5 /* Resources */,
			);
			buildRules = (
			);
			dependencies = (
				86DA1A9D2812B92900C6C8E5 /* PBXTargetDependency */,
			);
			name = TestProjectTests;
			productName = TestProjectTests;
			productReference = 86DA1A9B2812B92900C6C8E5 /* TestProjectTests.xctest */;
			productType = "com.apple.product-type.bundle.unit-test";
		};
		86DA1AA42812B92900C6C8E5 /* TestProjectUITests */ = {
			isa = PBXNativeTarget;
			buildConfigurationList = 86DA1AB52812B92900C6C8E5 /* Build configuration list for PBXNativeTarget "TestProjectUITests" */;
			buildPhases = (
				86DA1AA12812B92900C6C8E5 /* Sources */,
				86DA1AA22812B92900C6C8E5 /* Frameworks */,
				86DA1AA32812B92900C6C8E5 /* Resources */,
			);
			buildRules = (
			);
			dependencies = (
				86DA1AA72812B92900C6C8E5 /* PBXTargetDependency */,
			);
			name = TestProjectUITests;
			productName = TestProjectUITests;
			productReference = 86DA1AA52812B92900C6C8E5 /* TestProjectUITests.xctest */;
			productType = "com.apple.product-type.bundle.ui-testing";
		};
/* End PBXNativeTarget section */

/* Begin PBXProject section */
		86DA1A782812B92200C6C8E5 /* Project object */ = {
			isa = PBXProject;
			attributes = {
				BuildIndependentTargetsInParallel = 1;
				LastUpgradeCheck = 1330;
				TargetAttributes = {
					86DA1A7F2812B92200C6C8E5 = {
						CreatedOnToolsVersion = 13.3.1;
					};
					86DA1A9A2812B92900C6C8E5 = {
						CreatedOnToolsVersion = 13.3.1;
						TestTargetID = 86DA1A7F2812B92200C6C8E5;
					};
					86DA1AA42812B92900C6C8E5 = {
						CreatedOnToolsVersion = 13.3.1;
						TestTargetID = 86DA1A7F2812B92200C6C8E5;
					};
				};
			};
			buildConfigurationList = 86DA1A7B2812B92200C6C8E5 /* Build configuration list for PBXProject "TestProject" */;
			compatibilityVersion = "Xcode 13.0";
			developmentRegion = en;
			hasScannedForEncodings = 0;
			knownRegions = (
				en,
				Base,
			);
			mainGroup = 86DA1A772812B92200C6C8E5;
			productRefGroup = 86DA1A812812B92200C6C8E5 /* Products */;
			projectDirPath = "";
			projectRoot = "";
			targets = (
				86DA1A7F2812B92200C6C8E5 /* TestProject */,
				86DA1A9A2812B92900C6C8E5 /* TestProjectTests */,
				86DA1AA42812B92900C6C8E5 /* TestProjectUITests */,
			);
		};
/* End PBXProject section */

/* Begin PBXResourcesBuildPhase section */
		86DA1A7E2812B92200C6C8E5 /* Resources */ = {
			isa = PBXResourcesBuildPhase;
			buildActionMask = 2147483647;
			files = (
				86DA1A932812B92900C6C8E5 /* LaunchScreen.storyboard in Resources */,
				86DA1A902812B92900C6C8E5 /* Assets.xcassets in Resources */,
				86DA1A8E2812B92200C6C8E5 /* Main.storyboard in Resources */,
			);
			runOnlyForDeploymentPostprocessing = 0;
		};
		86DA1A992812B92900C6C8E5 /* Resources */ = {
			isa = PBXResourcesBuildPhase;
			buildActionMask = 2147483647;
			files = (
			);
			runOnlyForDeploymentPostprocessing = 0;
		};
		86DA1AA32812B92900C6C8E5 /* Resources */ = {
			isa = PBXResourcesBuildPhase;
			buildActionMask = 2147483647;
			files = (
			);
			runOnlyForDeploymentPostprocessing = 0;
		};
/* End PBXResourcesBuildPhase section */

/* Begin PBXSourcesBuildPhase section */
		86DA1A7C2812B92200C6C8E5 /* Sources */ = {
			isa = PBXSourcesBuildPhase;
			buildActionMask = 2147483647;
			files = (
				86DA1A8B2812B92200C6C8E5 /* ViewController.m in Sources */,
				86DA1A852812B92200C6C8E5 /* AppDelegate.m in Sources */,
				86DA1A962812B92900C6C8E5 /* main.m in Sources */,
				86DA1A882812B92200C6C8E5 /* SceneDelegate.m in Sources */,
			);
			runOnlyForDeploymentPostprocessing = 0;
		};
		86DA1A972812B92900C6C8E5 /* Sources */ = {
			isa = PBXSourcesBuildPhase;
			buildActionMask = 2147483647;
			files = (
				86DA1AA02812B92900C6C8E5 /* TestProjectTests.m in Sources */,
			);
			runOnlyForDeploymentPostprocessing = 0;
		};
		86DA1AA12812B92900C6C8E5 /* Sources */ = {
			isa = PBXSourcesBuildPhase;
			buildActionMask = 2147483647;
			files = (
				86DA1AAC2812B92900C6C8E5 /* TestProjectUITestsLaunchTests.m in Sources */,
				86DA1AAA2812B92900C6C8E5 /* TestProjectUITests.m in Sources */,
			);
			runOnlyForDeploymentPostprocessing = 0;
		};
/* End PBXSourcesBuildPhase section */

/* Begin PBXTargetDependency section */
		86DA1A9D2812B92900C6C8E5 /* PBXTargetDependency */ = {
			isa = PBXTargetDependency;
			target = 86DA1A7F2812B92200C6C8E5 /* TestProject */;
			targetProxy = 86DA1A9C2812B92900C6C8E5 /* PBXContainerItemProxy */;
		};
		86DA1AA72812B92900C6C8E5 /* PBXTargetDependency */ = {
			isa = PBXTargetDependency;
			target = 86DA1A7F2812B92200C6C8E5 /* TestProject */;
			targetProxy = 86DA1AA62812B92900C6C8E5 /* PBXContainerItemProxy */;
		};
/* End PBXTargetDependency section */

/* Begin PBXVariantGroup section */
		86DA1A8C2812B92200C6C8E5 /* Main.storyboard */ = {
			isa = PBXVariantGroup;
			children = (
				86DA1A8D2812B92200C6C8E5 /* Base */,
			);
			name = Main.storyboard;
			sourceTree = "<group>";
		};
		86DA1A912812B92900C6C8E5 /* LaunchScreen.storyboard */ = {
			isa = PBXVariantGroup;
			children = (
				86DA1A922812B92900C6C8E5 /* Base */,
			);
			name = LaunchScreen.storyboard;
			sourceTree = "<group>";
		};
/* End PBXVariantGroup section */

/* Begin XCBuildConfiguration section */
		86DA1AAD2812B92900C6C8E5 /* Debug */ = {
			isa = XCBuildConfiguration;
			buildSettings = {
				ALWAYS_SEARCH_USER_PATHS = NO;
				CLANG_ANALYZER_NONNULL = YES;
				CLANG_ANALYZER_NUMBER_OBJECT_CONVERSION = YES_AGGRESSIVE;
				CLANG_CXX_LANGUAGE_STANDARD = "gnu++17";
				CLANG_ENABLE_MODULES = YES;
				CLANG_ENABLE_OBJC_ARC = YES;
				CLANG_ENABLE_OBJC_WEAK = YES;
				CLANG_WARN_BLOCK_CAPTURE_AUTORELEASING = YES;
				CLANG_WARN_BOOL_CONVERSION = YES;
				CLANG_WARN_COMMA = YES;
				CLANG_WARN_CONSTANT_CONVERSION = YES;
				CLANG_WARN_DEPRECATED_OBJC_IMPLEMENTATIONS = YES;
				CLANG_WARN_DIRECT_OBJC_ISA_USAGE = YES_ERROR;
				CLANG_WARN_DOCUMENTATION_COMMENTS = YES;
				CLANG_WARN_EMPTY_BODY = YES;
				CLANG_WARN_ENUM_CONVERSION = YES;
				CLANG_WARN_INFINITE_RECURSION = YES;
				CLANG_WARN_INT_CONVERSION = YES;
				CLANG_WARN_NON_LITERAL_NULL_CONVERSION = YES;
				CLANG_WARN_OBJC_IMPLICIT_RETAIN_SELF = YES;
				CLANG_WARN_OBJC_LITERAL_CONVERSION = YES;
				CLANG_WARN_OBJC_ROOT_CLASS = YES_ERROR;
				CLANG_WARN_QUOTED_INCLUDE_IN_FRAMEWORK_HEADER = YES;
				CLANG_WARN_RANGE_LOOP_ANALYSIS = YES;
				CLANG_WARN_STRICT_PROTOTYPES = YES;
				CLANG_WARN_SUSPICIOUS_MOVE = YES;
				CLANG_WARN_UNGUARDED_AVAILABILITY = YES_AGGRESSIVE;
				CLANG_WARN_UNREACHABLE_CODE = YES;
				CLANG_WARN__DUPLICATE_METHOD_MATCH = YES;
				COPY_PHASE_STRIP = NO;
				DEBUG_INFORMATION_FORMAT = dwarf;
				ENABLE_STRICT_OBJC_MSGSEND = YES;
				ENABLE_TESTABILITY = YES;
				GCC_C_LANGUAGE_STANDARD = gnu11;
				GCC_DYNAMIC_NO_PIC = NO;
				GCC_NO_COMMON_BLOCKS = YES;
				GCC_OPTIMIZATION_LEVEL = 0;
				GCC_PREPROCESSOR_DEFINITIONS = (
					"DEBUG=1",
					"$(inherited)",
				);
				GCC_WARN_64_TO_32_BIT_CONVERSION = YES;
				GCC_WARN_ABOUT_RETURN_TYPE = YES_ERROR;
				GCC_WARN_UNDECLARED_SELECTOR = YES;
				GCC_WARN_UNINITIALIZED_AUTOS = YES_AGGRESSIVE;
				GCC_WARN_UNUSED_FUNCTION = YES;
				GCC_WARN_UNUSED_VARIABLE = YES;
				IPHONEOS_DEPLOYMENT_TARGET = 15.4;
				MTL_ENABLE_DEBUG_INFO = INCLUDE_SOURCE;
				MTL_FAST_MATH = YES;
				ONLY_ACTIVE_ARCH = YES;
				SDKROOT = iphoneos;
			};
			name = Debug;
		};
		86DA1AAE2812B92900C6C8E5 /* Release */ = {
			isa = XCBuildConfiguration;
			buildSettings = {
				ALWAYS_SEARCH_USER_PATHS = NO;
				CLANG_ANALYZER_NONNULL = YES;
				CLANG_ANALYZER_NUMBER_OBJECT_CONVERSION = YES_AGGRESSIVE;
				CLANG_CXX_LANGUAGE_STANDARD = "gnu++17";
				CLANG_ENABLE_MODULES = YES;
				CLANG_ENABLE_OBJC_ARC = YES;
				CLANG_ENABLE_OBJC_WEAK = YES;
				CLANG_WARN_BLOCK_CAPTURE_AUTORELEASING = YES;
				CLANG_WARN_BOOL_CONVERSION = YES;
				CLANG_WARN_COMMA = YES;
				CLANG_WARN_CONSTANT_CONVERSION = YES;
				CLANG_WARN_DEPRECATED_OBJC_IMPLEMENTATIONS = YES;
				CLANG_WARN_DIRECT_OBJC_ISA_USAGE = YES_ERROR;
				CLANG_WARN_DOCUMENTATION_COMMENTS = YES;
				CLANG_WARN_EMPTY_BODY = YES;
				CLANG_WARN_ENUM_CONVERSION = YES;
				CLANG_WARN_INFINITE_RECURSION = YES;
				CLANG_WARN_INT_CONVERSION = YES;
				CLANG_WARN_NON_LITERAL_NULL_CONVERSION = YES;
				CLANG_WARN_OBJC_IMPLICIT_RETAIN_SELF = YES;
				CLANG_WARN_OBJC_LITERAL_CONVERSION = YES;
				CLANG_WARN_OBJC_ROOT_CLASS = YES_ERROR;
				CLANG_WARN_QUOTED_INCLUDE_IN_FRAMEWORK_HEADER = YES;
				CLANG_WARN_RANGE_LOOP_ANALYSIS = YES;
				CLANG_WARN_STRICT_PROTOTYPES = YES;
				CLANG_WARN_SUSPICIOUS_MOVE = YES;
				CLANG_WARN_UNGUARDED_AVAILABILITY = YES_AGGRESSIVE;
				CLANG_WARN_UNREACHABLE_CODE = YES;
				CLANG_WARN__DUPLICATE_METHOD_MATCH = YES;
				COPY_PHASE_STRIP = NO;
				DEBUG_INFORMATION_FORMAT = "dwarf-with-dsym";
				ENABLE_NS_ASSERTIONS = NO;
				ENABLE_STRICT_OBJC_MSGSEND = YES;
				GCC_C_LANGUAGE_STANDARD = gnu11;
				GCC_NO_COMMON_BLOCKS = YES;
				GCC_WARN_64_TO_32_BIT_CONVERSION = YES;
				GCC_WARN_ABOUT_RETURN_TYPE = YES_ERROR;
				GCC_WARN_UNDECLARED_SELECTOR = YES;
				GCC_WARN_UNINITIALIZED_AUTOS = YES_AGGRESSIVE;
				GCC_WARN_UNUSED_FUNCTION = YES;
				GCC_WARN_UNUSED_VARIABLE = YES;
				IPHONEOS_DEPLOYMENT_TARGET = 15.4;
				MTL_ENABLE_DEBUG_INFO = NO;
				MTL_FAST_MATH = YES;
				SDKROOT = iphoneos;
				VALIDATE_PRODUCT = YES;
			};
			name = Release;
		};
		86DA1AB02812B92900C6C8E5 /* Debug */ = {
			isa = XCBuildConfiguration;
			buildSettings = {
				ASSETCATALOG_COMPILER_APPICON_NAME = AppIcon;
				ASSETCATALOG_COMPILER_GLOBAL_ACCENT_COLOR_NAME = AccentColor;
				CODE_SIGN_STYLE = Automatic;
				CURRENT_PROJECT_VERSION = 1;
				GENERATE_INFOPLIST_FILE = YES;
				INFOPLIST_FILE = TestProject/Info.plist;
				INFOPLIST_KEY_UIApplicationSupportsIndirectInputEvents = YES;
				INFOPLIST_KEY_UILaunchStoryboardName = LaunchScreen;
				INFOPLIST_KEY_UIMainStoryboardFile = Main;
				INFOPLIST_KEY_UISupportedInterfaceOrientations_iPad = "UIInterfaceOrientationPortrait UIInterfaceOrientationPortraitUpsideDown UIInterfaceOrientationLandscapeLeft UIInterfaceOrientationLandscapeRight";
				INFOPLIST_KEY_UISupportedInterfaceOrientations_iPhone = "UIInterfaceOrientationPortrait UIInterfaceOrientationLandscapeLeft UIInterfaceOrientationLandscapeRight";
				LD_RUNPATH_SEARCH_PATHS = (
					"$(inherited)",
					"@executable_path/Frameworks",
				);
				MARKETING_VERSION = 1.0;
				PRODUCT_BUNDLE_IDENTIFIER = com.demo.TestProject;
				PRODUCT_NAME = "$(TARGET_NAME)";
				SWIFT_EMIT_LOC_STRINGS = YES;
				TARGETED_DEVICE_FAMILY = "1,2";
			};
			name = Debug;
		};
		86DA1AB12812B92900C6C8E5 /* Release */ = {
			isa = XCBuildConfiguration;
			buildSettings = {
				ASSETCATALOG_COMPILER_APPICON_NAME = AppIcon;
				ASSETCATALOG_COMPILER_GLOBAL_ACCENT_COLOR_NAME = AccentColor;
				CODE_SIGN_STYLE = Automatic;
				CURRENT_PROJECT_VERSION = 1;
				GENERATE_INFOPLIST_FILE = YES;
				INFOPLIST_FILE = TestProject/Info.plist;
				INFOPLIST_KEY_UIApplicationSupportsIndirectInputEvents = YES;
				INFOPLIST_KEY_UILaunchStoryboardName = LaunchScreen;
				INFOPLIST_KEY_UIMainStoryboardFile = Main;
				INFOPLIST_KEY_UISupportedInterfaceOrientations_iPad = "UIInterfaceOrientationPortrait UIInterfaceOrientationPortraitUpsideDown UIInterfaceOrientationLandscapeLeft UIInterfaceOrientationLandscapeRight";
				INFOPLIST_KEY_UISupportedInterfaceOrientations_iPhone = "UIInterfaceOrientationPortrait UIInterfaceOrientationLandscapeLeft UIInterfaceOrientationLandscapeRight";
				LD_RUNPATH_SEARCH_PATHS = (
					"$(inherited)",
					"@executable_path/Frameworks",
				);
				MARKETING_VERSION = 1.0;
				PRODUCT_BUNDLE_IDENTIFIER = com.demo.TestProject;
				PRODUCT_NAME = "$(TARGET_NAME)";
				SWIFT_EMIT_LOC_STRINGS = YES;
				TARGETED_DEVICE_FAMILY = "1,2";
			};
			name = Release;
		};
		86DA1AB32812B92900C6C8E5 /* Debug */ = {
			isa = XCBuildConfiguration;
			buildSettings = {
				BUNDLE_LOADER = "$(TEST_HOST)";
				CODE_SIGN_STYLE = Automatic;
				CURRENT_PROJECT_VERSION = 1;
				GENERATE_INFOPLIST_FILE = YES;
				IPHONEOS_DEPLOYMENT_TARGET = 15.4;
				MARKETING_VERSION = 1.0;
				PRODUCT_BUNDLE_IDENTIFIER = com.demo.TestProjectTests;
				PRODUCT_NAME = "$(TARGET_NAME)";
				SWIFT_EMIT_LOC_STRINGS = NO;
				TARGETED_DEVICE_FAMILY = "1,2";
				TEST_HOST = "$(BUILT_PRODUCTS_DIR)/TestProject.app/TestProject";
			};
			name = Debug;
		};
		86DA1AB42812B92900C6C8E5 /* Release */ = {
			isa = XCBuildConfiguration;
			buildSettings = {
				BUNDLE_LOADER = "$(TEST_HOST)";
				CODE_SIGN_STYLE = Automatic;
				CURRENT_PROJECT_VERSION = 1;
				GENERATE_INFOPLIST_FILE = YES;
				IPHONEOS_DEPLOYMENT_TARGET = 15.4;
				MARKETING_VERSION = 1.0;
				PRODUCT_BUNDLE_IDENTIFIER = com.demo.TestProjectTests;
				PRODUCT_NAME = "$(TARGET_NAME)";
				SWIFT_EMIT_LOC_STRINGS = NO;
				TARGETED_DEVICE_FAMILY = "1,2";
				TEST_HOST = "$(BUILT_PRODUCTS_DIR)/TestProject.app/TestProject";
			};
			name = Release;
		};
		86DA1AB62812B92900C6C8E5 /* Debug */ = {
			isa = XCBuildConfiguration;
			buildSettings = {
				CODE_SIGN_STYLE = Automatic;
				CURRENT_PROJECT_VERSION = 1;
				GENERATE_INFOPLIST_FILE = YES;
				MARKETING_VERSION = 1.0;
				PRODUCT_BUNDLE_IDENTIFIER = com.demo.TestProjectUITests;
				PRODUCT_NAME = "$(TARGET_NAME)";
				SWIFT_EMIT_LOC_STRINGS = NO;
				TARGETED_DEVICE_FAMILY = "1,2";
				TEST_TARGET_NAME = TestProject;
			};
			name = Debug;
		};
		86DA1AB72812B92900C6C8E5 /* Release */ = {
			isa = XCBuildConfiguration;
			buildSettings = {
				CODE_SIGN_STYLE = Automatic;
				CURRENT_PROJECT_VERSION = 1;
				GENERATE_INFOPLIST_FILE = YES;
				MARKETING_VERSION = 1.0;
				PRODUCT_BUNDLE_IDENTIFIER = com.demo.TestProjectUITests;
				PRODUCT_NAME = "$(TARGET_NAME)";
				SWIFT_EMIT_LOC_STRINGS = NO;
				TARGETED_DEVICE_FAMILY = "1,2";
				TEST_TARGET_NAME = TestProject;
			};
			name = Release;
		};
/* End XCBuildConfiguration section */

/* Begin XCConfigurationList section */
		86DA1A7B2812B92200C6C8E5 /* Build configuration list for PBXProject "TestProject" */ = {
			isa = XCConfigurationList;
			buildConfigurations = (
				86DA1AAD2812B92900C6C8E5 /* Debug */,
				86DA1AAE2812B92900C6C8E5 /* Release */,
			);
			defaultConfigurationIsVisible = 0;
			defaultConfigurationName = Release;
		};
		86DA1AAF2812B92900C6C8E5 /* Build configuration list for PBXNativeTarget "TestProject" */ = {
			isa = XCConfigurationList;
			buildConfigurations = (
				86DA1AB02812B92900C6C8E5 /* Debug */,
				86DA1AB12812B92900C6C8E5 /* Release */,
			);
			defaultConfigurationIsVisible = 0;
			defaultConfigurationName = Release;
		};
		86DA1AB22812B92900C6C8E5 /* Build configuration list for PBXNativeTarget "TestProjectTests" */ = {
			isa = XCConfigurationList;
			buildConfigurations = (
				86DA1AB32812B92900C6C8E5 /* Debug */,
				86DA1AB42812B92900C6C8E5 /* Release */,
			);
			defaultConfigurationIsVisible = 0;
			defaultConfigurationName = Release;
		};
		86DA1AB52812B92900C6C8E5 /* Build configuration list for PBXNativeTarget "TestProjectUITests" */ = {
			isa = XCConfigurationList;
			buildConfigurations = (
				86DA1AB62812B92900C6C8E5 /* Debug */,
				86DA1AB72812B92900C6C8E5 /* Release */,
			);
			defaultConfigurationIsVisible = 0;
			defaultConfigurationName = Release;
		};
/* End XCConfigurationList section */
	};
	rootObject = 86DA1A782812B92200C6C8E5 /* Project object */;
}
